
Microsoft Visual Studio Solution File, Format Version 12.00
# Visual Studio Version 16
VisualStudioVersion = 16.0.31702.278
MinimumVisualStudioVersion = 10.0.40219.1
Project("{FAE04EC0-301F-11D3-BF4B-00C04F79EFBC}") = "KASSZAGÉP", "ConsoleApp2\KASSZAGÉP.csproj", "{BAB91ECC-E80B-46E0-878C-96CE0C4EE804}"
EndProject
Global
	GlobalSection(SolutionConfigurationPlatforms) = preSolution
		Debug|Any CPU = Debug|Any CPU
		Release|Any CPU = Release|Any CPU
	EndGlobalSection
	GlobalSection(ProjectConfigurationPlatforms) = postSolution
		{BAB91ECC-E80B-46E0-878C-96CE0C4EE804}.Debug|Any CPU.ActiveCfg = Debug|Any CPU
		{BAB91ECC-E80B-46E0-878C-96CE0C4EE804}.Debug|Any CPU.Build.0 = Debug|Any CPU
		{BAB91ECC-E80B-46E0-878C-96CE0C4EE804}.Release|Any CPU.ActiveCfg = Release|Any CPU
		{BAB91ECC-E80B-46E0-878C-96CE0C4EE804}.Release|Any CPU.Build.0 = Release|Any CPU
	EndGlobalSection
	GlobalSection(SolutionProperties) = preSolution
		HideSolutionNode = FALSE
	EndGlobalSection
	GlobalSection(ExtensibilityGlobals) = postSolution
		SolutionGuid = {474DDEE4-499D-4754-B612-C14E4C3AE476}
	EndGlobalSection
EndGlobal
