
Microsoft Visual Studio Solution File, Format Version 12.00
# Visual Studio Version 17
VisualStudioVersion = 17.6.33712.159
MinimumVisualStudioVersion = 10.0.40219.1
Project("{FAE04EC0-301F-11D3-BF4B-00C04F79EFBC}") = "0920", "0920.csproj", "{113DF8A4-219B-40B5-9BB1-AC21F99468FD}"
EndProject
Global
	GlobalSection(SolutionConfigurationPlatforms) = preSolution
		Debug|Any CPU = Debug|Any CPU
		Release|Any CPU = Release|Any CPU
	EndGlobalSection
	GlobalSection(ProjectConfigurationPlatforms) = postSolution
		{113DF8A4-219B-40B5-9BB1-AC21F99468FD}.Debug|Any CPU.ActiveCfg = Debug|Any CPU
		{113DF8A4-219B-40B5-9BB1-AC21F99468FD}.Debug|Any CPU.Build.0 = Debug|Any CPU
		{113DF8A4-219B-40B5-9BB1-AC21F99468FD}.Release|Any CPU.ActiveCfg = Release|Any CPU
		{113DF8A4-219B-40B5-9BB1-AC21F99468FD}.Release|Any CPU.Build.0 = Release|Any CPU
	EndGlobalSection
	GlobalSection(SolutionProperties) = preSolution
		HideSolutionNode = FALSE
	EndGlobalSection
	GlobalSection(ExtensibilityGlobals) = postSolution
		SolutionGuid = {6F969DE4-6A89-4169-B857-84A405A33A48}
	EndGlobalSection
EndGlobal
