
Microsoft Visual Studio Solution File, Format Version 12.00
# Visual Studio Version 17
VisualStudioVersion = 17.3.32901.215
MinimumVisualStudioVersion = 10.0.40219.1
Project("{9A19103F-16F7-4668-BE54-9A1E7A4F7556}") = "0301", "0301\0301.csproj", "{5CDA8245-D13E-4F37-9FF0-50BE97C686D0}"
EndProject
Global
	GlobalSection(SolutionConfigurationPlatforms) = preSolution
		Debug|Any CPU = Debug|Any CPU
		Release|Any CPU = Release|Any CPU
	EndGlobalSection
	GlobalSection(ProjectConfigurationPlatforms) = postSolution
		{5CDA8245-D13E-4F37-9FF0-50BE97C686D0}.Debug|Any CPU.ActiveCfg = Debug|Any CPU
		{5CDA8245-D13E-4F37-9FF0-50BE97C686D0}.Debug|Any CPU.Build.0 = Debug|Any CPU
		{5CDA8245-D13E-4F37-9FF0-50BE97C686D0}.Release|Any CPU.ActiveCfg = Release|Any CPU
		{5CDA8245-D13E-4F37-9FF0-50BE97C686D0}.Release|Any CPU.Build.0 = Release|Any CPU
	EndGlobalSection
	GlobalSection(SolutionProperties) = preSolution
		HideSolutionNode = FALSE
	EndGlobalSection
	GlobalSection(ExtensibilityGlobals) = postSolution
		SolutionGuid = {C5ACAB74-A85F-4F44-8D30-75FEEEC67DF6}
	EndGlobalSection
EndGlobal
