
Microsoft Visual Studio Solution File, Format Version 12.00
# Visual Studio Version 17
VisualStudioVersion = 17.8.34408.163
MinimumVisualStudioVersion = 10.0.40219.1
Project("{FAE04EC0-301F-11D3-BF4B-00C04F79EFBC}") = "Factory", "Factory.csproj", "{80F92611-357C-4624-A361-0AAF0AEE657A}"
EndProject
Global
	GlobalSection(SolutionConfigurationPlatforms) = preSolution
		Debug|Any CPU = Debug|Any CPU
		Release|Any CPU = Release|Any CPU
	EndGlobalSection
	GlobalSection(ProjectConfigurationPlatforms) = postSolution
		{80F92611-357C-4624-A361-0AAF0AEE657A}.Debug|Any CPU.ActiveCfg = Debug|Any CPU
		{80F92611-357C-4624-A361-0AAF0AEE657A}.Debug|Any CPU.Build.0 = Debug|Any CPU
		{80F92611-357C-4624-A361-0AAF0AEE657A}.Release|Any CPU.ActiveCfg = Release|Any CPU
		{80F92611-357C-4624-A361-0AAF0AEE657A}.Release|Any CPU.Build.0 = Release|Any CPU
	EndGlobalSection
	GlobalSection(SolutionProperties) = preSolution
		HideSolutionNode = FALSE
	EndGlobalSection
	GlobalSection(ExtensibilityGlobals) = postSolution
		SolutionGuid = {2FD4D198-26FF-4F96-BC3B-F220CA5751B7}
	EndGlobalSection
EndGlobal
