
Microsoft Visual Studio Solution File, Format Version 12.00
# Visual Studio 2013
VisualStudioVersion = 12.0.40629.0
MinimumVisualStudioVersion = 10.0.40219.1
Project("{FAE04EC0-301F-11D3-BF4B-00C04F79EFBC}") = "streamalapukomm", "streamalapukomm\streamalapukomm.csproj", "{3300D6C7-20F0-457E-ABD1-BAC36F9154FD}"
EndProject
Project("{FAE04EC0-301F-11D3-BF4B-00C04F79EFBC}") = "klienshozza", "klienshozza\klienshozza.csproj", "{20B2DBD3-A5DA-4F09-87AD-527BC0230D5A}"
EndProject
Global
	GlobalSection(SolutionConfigurationPlatforms) = preSolution
		Debug|Any CPU = Debug|Any CPU
		Release|Any CPU = Release|Any CPU
	EndGlobalSection
	GlobalSection(ProjectConfigurationPlatforms) = postSolution
		{3300D6C7-20F0-457E-ABD1-BAC36F9154FD}.Debug|Any CPU.ActiveCfg = Debug|Any CPU
		{3300D6C7-20F0-457E-ABD1-BAC36F9154FD}.Debug|Any CPU.Build.0 = Debug|Any CPU
		{3300D6C7-20F0-457E-ABD1-BAC36F9154FD}.Release|Any CPU.ActiveCfg = Release|Any CPU
		{3300D6C7-20F0-457E-ABD1-BAC36F9154FD}.Release|Any CPU.Build.0 = Release|Any CPU
		{20B2DBD3-A5DA-4F09-87AD-527BC0230D5A}.Debug|Any CPU.ActiveCfg = Debug|Any CPU
		{20B2DBD3-A5DA-4F09-87AD-527BC0230D5A}.Debug|Any CPU.Build.0 = Debug|Any CPU
		{20B2DBD3-A5DA-4F09-87AD-527BC0230D5A}.Release|Any CPU.ActiveCfg = Release|Any CPU
		{20B2DBD3-A5DA-4F09-87AD-527BC0230D5A}.Release|Any CPU.Build.0 = Release|Any CPU
	EndGlobalSection
	GlobalSection(SolutionProperties) = preSolution
		HideSolutionNode = FALSE
	EndGlobalSection
EndGlobal
