
Microsoft Visual Studio Solution File, Format Version 12.00
# Visual Studio Version 17
VisualStudioVersion = 17.6.33712.159
MinimumVisualStudioVersion = 10.0.40219.1
Project("{FAE04EC0-301F-11D3-BF4B-00C04F79EFBC}") = "1115", "1115.csproj", "{D67DC6D5-9CBB-4098-99B5-C290706B035B}"
EndProject
Global
	GlobalSection(SolutionConfigurationPlatforms) = preSolution
		Debug|Any CPU = Debug|Any CPU
		Release|Any CPU = Release|Any CPU
	EndGlobalSection
	GlobalSection(ProjectConfigurationPlatforms) = postSolution
		{D67DC6D5-9CBB-4098-99B5-C290706B035B}.Debug|Any CPU.ActiveCfg = Debug|Any CPU
		{D67DC6D5-9CBB-4098-99B5-C290706B035B}.Debug|Any CPU.Build.0 = Debug|Any CPU
		{D67DC6D5-9CBB-4098-99B5-C290706B035B}.Release|Any CPU.ActiveCfg = Release|Any CPU
		{D67DC6D5-9CBB-4098-99B5-C290706B035B}.Release|Any CPU.Build.0 = Release|Any CPU
	EndGlobalSection
	GlobalSection(SolutionProperties) = preSolution
		HideSolutionNode = FALSE
	EndGlobalSection
	GlobalSection(ExtensibilityGlobals) = postSolution
		SolutionGuid = {C1A67BC6-F4D1-41DD-8069-6A3D700753FB}
	EndGlobalSection
EndGlobal
