
Microsoft Visual Studio Solution File, Format Version 12.00
# Visual Studio Version 17
VisualStudioVersion = 17.3.32901.215
MinimumVisualStudioVersion = 10.0.40219.1
Project("{FAE04EC0-301F-11D3-BF4B-00C04F79EFBC}") = "filekezelo_0926", "ConsoleApp1\filekezelo_0926.csproj", "{3140308D-5391-4454-B44E-FF0746807319}"
EndProject
Global
	GlobalSection(SolutionConfigurationPlatforms) = preSolution
		Debug|Any CPU = Debug|Any CPU
		Release|Any CPU = Release|Any CPU
	EndGlobalSection
	GlobalSection(ProjectConfigurationPlatforms) = postSolution
		{3140308D-5391-4454-B44E-FF0746807319}.Debug|Any CPU.ActiveCfg = Debug|Any CPU
		{3140308D-5391-4454-B44E-FF0746807319}.Debug|Any CPU.Build.0 = Debug|Any CPU
		{3140308D-5391-4454-B44E-FF0746807319}.Release|Any CPU.ActiveCfg = Release|Any CPU
		{3140308D-5391-4454-B44E-FF0746807319}.Release|Any CPU.Build.0 = Release|Any CPU
	EndGlobalSection
	GlobalSection(SolutionProperties) = preSolution
		HideSolutionNode = FALSE
	EndGlobalSection
	GlobalSection(ExtensibilityGlobals) = postSolution
		SolutionGuid = {32475A48-D68F-43FD-A67D-145147C004CF}
	EndGlobalSection
EndGlobal
