
Microsoft Visual Studio Solution File, Format Version 12.00
# Visual Studio Version 17
VisualStudioVersion = 17.9.34728.123
MinimumVisualStudioVersion = 10.0.40219.1
Project("{FAE04EC0-301F-11D3-BF4B-00C04F79EFBC}") = "Singleton", "Singleton.csproj", "{8EBBC2B4-133A-4765-9BB7-83AE3CE20DAE}"
EndProject
Global
	GlobalSection(SolutionConfigurationPlatforms) = preSolution
		Debug|Any CPU = Debug|Any CPU
		Release|Any CPU = Release|Any CPU
	EndGlobalSection
	GlobalSection(ProjectConfigurationPlatforms) = postSolution
		{8EBBC2B4-133A-4765-9BB7-83AE3CE20DAE}.Debug|Any CPU.ActiveCfg = Debug|Any CPU
		{8EBBC2B4-133A-4765-9BB7-83AE3CE20DAE}.Debug|Any CPU.Build.0 = Debug|Any CPU
		{8EBBC2B4-133A-4765-9BB7-83AE3CE20DAE}.Release|Any CPU.ActiveCfg = Release|Any CPU
		{8EBBC2B4-133A-4765-9BB7-83AE3CE20DAE}.Release|Any CPU.Build.0 = Release|Any CPU
	EndGlobalSection
	GlobalSection(SolutionProperties) = preSolution
		HideSolutionNode = FALSE
	EndGlobalSection
	GlobalSection(ExtensibilityGlobals) = postSolution
		SolutionGuid = {957AFB5E-C069-4763-A026-2D1768F87075}
	EndGlobalSection
EndGlobal
