
Microsoft Visual Studio Solution File, Format Version 12.00
# Visual Studio Version 17
VisualStudioVersion = 17.3.32901.215
MinimumVisualStudioVersion = 10.0.40219.1
Project("{FAE04EC0-301F-11D3-BF4B-00C04F79EFBC}") = "konstruktorok", "konstruktorok\konstruktorok.csproj", "{C62809F4-75F4-4CA2-9D77-E38524150BBD}"
EndProject
Project("{FAE04EC0-301F-11D3-BF4B-00C04F79EFBC}") = "autok", "autok\autok.csproj", "{583B11CC-28D2-403E-8DB8-5E3A308996B3}"
EndProject
Global
	GlobalSection(SolutionConfigurationPlatforms) = preSolution
		Debug|Any CPU = Debug|Any CPU
		Release|Any CPU = Release|Any CPU
	EndGlobalSection
	GlobalSection(ProjectConfigurationPlatforms) = postSolution
		{C62809F4-75F4-4CA2-9D77-E38524150BBD}.Debug|Any CPU.ActiveCfg = Debug|Any CPU
		{C62809F4-75F4-4CA2-9D77-E38524150BBD}.Debug|Any CPU.Build.0 = Debug|Any CPU
		{C62809F4-75F4-4CA2-9D77-E38524150BBD}.Release|Any CPU.ActiveCfg = Release|Any CPU
		{C62809F4-75F4-4CA2-9D77-E38524150BBD}.Release|Any CPU.Build.0 = Release|Any CPU
		{583B11CC-28D2-403E-8DB8-5E3A308996B3}.Debug|Any CPU.ActiveCfg = Debug|Any CPU
		{583B11CC-28D2-403E-8DB8-5E3A308996B3}.Debug|Any CPU.Build.0 = Debug|Any CPU
		{583B11CC-28D2-403E-8DB8-5E3A308996B3}.Release|Any CPU.ActiveCfg = Release|Any CPU
		{583B11CC-28D2-403E-8DB8-5E3A308996B3}.Release|Any CPU.Build.0 = Release|Any CPU
	EndGlobalSection
	GlobalSection(SolutionProperties) = preSolution
		HideSolutionNode = FALSE
	EndGlobalSection
	GlobalSection(ExtensibilityGlobals) = postSolution
		SolutionGuid = {B3023336-B044-42B7-AE0A-D0890DB3CF2D}
	EndGlobalSection
EndGlobal
