
Microsoft Visual Studio Solution File, Format Version 12.00
# Visual Studio Version 17
VisualStudioVersion = 17.9.34728.123
MinimumVisualStudioVersion = 10.0.40219.1
Project("{FAE04EC0-301F-11D3-BF4B-00C04F79EFBC}") = "Decorator", "Decorator.csproj", "{3D03BCE1-C767-4503-A8CC-E42111AE827D}"
EndProject
Global
	GlobalSection(SolutionConfigurationPlatforms) = preSolution
		Debug|Any CPU = Debug|Any CPU
		Release|Any CPU = Release|Any CPU
	EndGlobalSection
	GlobalSection(ProjectConfigurationPlatforms) = postSolution
		{3D03BCE1-C767-4503-A8CC-E42111AE827D}.Debug|Any CPU.ActiveCfg = Debug|Any CPU
		{3D03BCE1-C767-4503-A8CC-E42111AE827D}.Debug|Any CPU.Build.0 = Debug|Any CPU
		{3D03BCE1-C767-4503-A8CC-E42111AE827D}.Release|Any CPU.ActiveCfg = Release|Any CPU
		{3D03BCE1-C767-4503-A8CC-E42111AE827D}.Release|Any CPU.Build.0 = Release|Any CPU
	EndGlobalSection
	GlobalSection(SolutionProperties) = preSolution
		HideSolutionNode = FALSE
	EndGlobalSection
	GlobalSection(ExtensibilityGlobals) = postSolution
		SolutionGuid = {6D564F20-8326-44DE-AD42-258453C26585}
	EndGlobalSection
EndGlobal
