
Microsoft Visual Studio Solution File, Format Version 12.00
# Visual Studio Version 17
VisualStudioVersion = 17.9.34728.123
MinimumVisualStudioVersion = 10.0.40219.1
Project("{FAE04EC0-301F-11D3-BF4B-00C04F79EFBC}") = "Proxy", "Proxy.csproj", "{77734A7C-268E-43D1-89D9-037FC9F5AC29}"
EndProject
Global
	GlobalSection(SolutionConfigurationPlatforms) = preSolution
		Debug|Any CPU = Debug|Any CPU
		Release|Any CPU = Release|Any CPU
	EndGlobalSection
	GlobalSection(ProjectConfigurationPlatforms) = postSolution
		{77734A7C-268E-43D1-89D9-037FC9F5AC29}.Debug|Any CPU.ActiveCfg = Debug|Any CPU
		{77734A7C-268E-43D1-89D9-037FC9F5AC29}.Debug|Any CPU.Build.0 = Debug|Any CPU
		{77734A7C-268E-43D1-89D9-037FC9F5AC29}.Release|Any CPU.ActiveCfg = Release|Any CPU
		{77734A7C-268E-43D1-89D9-037FC9F5AC29}.Release|Any CPU.Build.0 = Release|Any CPU
	EndGlobalSection
	GlobalSection(SolutionProperties) = preSolution
		HideSolutionNode = FALSE
	EndGlobalSection
	GlobalSection(ExtensibilityGlobals) = postSolution
		SolutionGuid = {813DB218-E882-48E7-AD1C-C070BF6A03BE}
	EndGlobalSection
EndGlobal
