
Microsoft Visual Studio Solution File, Format Version 12.00
# Visual Studio Version 17
VisualStudioVersion = 17.6.33712.159
MinimumVisualStudioVersion = 10.0.40219.1
Project("{FAE04EC0-301F-11D3-BF4B-00C04F79EFBC}") = "1108", "1108.csproj", "{192D6CA5-029F-40C4-BFC8-E9B51A8C3E36}"
EndProject
Global
	GlobalSection(SolutionConfigurationPlatforms) = preSolution
		Debug|Any CPU = Debug|Any CPU
		Release|Any CPU = Release|Any CPU
	EndGlobalSection
	GlobalSection(ProjectConfigurationPlatforms) = postSolution
		{192D6CA5-029F-40C4-BFC8-E9B51A8C3E36}.Debug|Any CPU.ActiveCfg = Debug|Any CPU
		{192D6CA5-029F-40C4-BFC8-E9B51A8C3E36}.Debug|Any CPU.Build.0 = Debug|Any CPU
		{192D6CA5-029F-40C4-BFC8-E9B51A8C3E36}.Release|Any CPU.ActiveCfg = Release|Any CPU
		{192D6CA5-029F-40C4-BFC8-E9B51A8C3E36}.Release|Any CPU.Build.0 = Release|Any CPU
	EndGlobalSection
	GlobalSection(SolutionProperties) = preSolution
		HideSolutionNode = FALSE
	EndGlobalSection
	GlobalSection(ExtensibilityGlobals) = postSolution
		SolutionGuid = {4696D1D6-E6FD-4F35-BC51-869E0C40B378}
	EndGlobalSection
EndGlobal
