
Microsoft Visual Studio Solution File, Format Version 12.00
# Visual Studio Version 17
VisualStudioVersion = 17.8.34408.163
MinimumVisualStudioVersion = 10.0.40219.1
Project("{FAE04EC0-301F-11D3-BF4B-00C04F79EFBC}") = "DeepCopy_Prototype", "DeepCopy_Prototype.csproj", "{66526B06-12E3-498F-90D0-865FAEEEFA22}"
EndProject
Global
	GlobalSection(SolutionConfigurationPlatforms) = preSolution
		Debug|Any CPU = Debug|Any CPU
		Release|Any CPU = Release|Any CPU
	EndGlobalSection
	GlobalSection(ProjectConfigurationPlatforms) = postSolution
		{66526B06-12E3-498F-90D0-865FAEEEFA22}.Debug|Any CPU.ActiveCfg = Debug|Any CPU
		{66526B06-12E3-498F-90D0-865FAEEEFA22}.Debug|Any CPU.Build.0 = Debug|Any CPU
		{66526B06-12E3-498F-90D0-865FAEEEFA22}.Release|Any CPU.ActiveCfg = Release|Any CPU
		{66526B06-12E3-498F-90D0-865FAEEEFA22}.Release|Any CPU.Build.0 = Release|Any CPU
	EndGlobalSection
	GlobalSection(SolutionProperties) = preSolution
		HideSolutionNode = FALSE
	EndGlobalSection
	GlobalSection(ExtensibilityGlobals) = postSolution
		SolutionGuid = {7DDE7761-826F-4185-B164-A57FA74E3C8E}
	EndGlobalSection
EndGlobal
