
Microsoft Visual Studio Solution File, Format Version 12.00
# Visual Studio 2013
VisualStudioVersion = 12.0.40629.0
MinimumVisualStudioVersion = 10.0.40219.1
Project("{FAE04EC0-301F-11D3-BF4B-00C04F79EFBC}") = "KolcsonzoServer", "KolcsonzoKommunikacio\KolcsonzoServer.csproj", "{A26912A9-9137-44FE-9445-470FC8E19D91}"
EndProject
Project("{FAE04EC0-301F-11D3-BF4B-00C04F79EFBC}") = "KolcsonzoClient", "KolcsonzoClient\KolcsonzoClient.csproj", "{8265DF19-9264-442E-BFE6-4A522CEAD63E}"
EndProject
Global
	GlobalSection(SolutionConfigurationPlatforms) = preSolution
		Debug|Any CPU = Debug|Any CPU
		Release|Any CPU = Release|Any CPU
	EndGlobalSection
	GlobalSection(ProjectConfigurationPlatforms) = postSolution
		{A26912A9-9137-44FE-9445-470FC8E19D91}.Debug|Any CPU.ActiveCfg = Debug|Any CPU
		{A26912A9-9137-44FE-9445-470FC8E19D91}.Debug|Any CPU.Build.0 = Debug|Any CPU
		{A26912A9-9137-44FE-9445-470FC8E19D91}.Release|Any CPU.ActiveCfg = Release|Any CPU
		{A26912A9-9137-44FE-9445-470FC8E19D91}.Release|Any CPU.Build.0 = Release|Any CPU
		{8265DF19-9264-442E-BFE6-4A522CEAD63E}.Debug|Any CPU.ActiveCfg = Debug|Any CPU
		{8265DF19-9264-442E-BFE6-4A522CEAD63E}.Debug|Any CPU.Build.0 = Debug|Any CPU
		{8265DF19-9264-442E-BFE6-4A522CEAD63E}.Release|Any CPU.ActiveCfg = Release|Any CPU
		{8265DF19-9264-442E-BFE6-4A522CEAD63E}.Release|Any CPU.Build.0 = Release|Any CPU
	EndGlobalSection
	GlobalSection(SolutionProperties) = preSolution
		HideSolutionNode = FALSE
	EndGlobalSection
EndGlobal
