
Microsoft Visual Studio Solution File, Format Version 12.00
# Visual Studio Version 17
VisualStudioVersion = 17.9.34728.123
MinimumVisualStudioVersion = 10.0.40219.1
Project("{FAE04EC0-301F-11D3-BF4B-00C04F79EFBC}") = "Template", "Template.csproj", "{7BBA8F12-8E64-4BE4-9879-0FE5501608A3}"
EndProject
Global
	GlobalSection(SolutionConfigurationPlatforms) = preSolution
		Debug|Any CPU = Debug|Any CPU
		Release|Any CPU = Release|Any CPU
	EndGlobalSection
	GlobalSection(ProjectConfigurationPlatforms) = postSolution
		{7BBA8F12-8E64-4BE4-9879-0FE5501608A3}.Debug|Any CPU.ActiveCfg = Debug|Any CPU
		{7BBA8F12-8E64-4BE4-9879-0FE5501608A3}.Debug|Any CPU.Build.0 = Debug|Any CPU
		{7BBA8F12-8E64-4BE4-9879-0FE5501608A3}.Release|Any CPU.ActiveCfg = Release|Any CPU
		{7BBA8F12-8E64-4BE4-9879-0FE5501608A3}.Release|Any CPU.Build.0 = Release|Any CPU
	EndGlobalSection
	GlobalSection(SolutionProperties) = preSolution
		HideSolutionNode = FALSE
	EndGlobalSection
	GlobalSection(ExtensibilityGlobals) = postSolution
		SolutionGuid = {534DFED9-8A44-4465-A50A-C41EFD4E72E2}
	EndGlobalSection
EndGlobal
