
Microsoft Visual Studio Solution File, Format Version 12.00
# Visual Studio 14
VisualStudioVersion = 14.0.25420.1
MinimumVisualStudioVersion = 10.0.40219.1
Project("{FAE04EC0-301F-11D3-BF4B-00C04F79EFBC}") = "ConsoleApplication1", "ConsoleApplication1\ConsoleApplication1.csproj", "{B731CE16-69B0-4167-A797-5C1AAE58861D}"
EndProject
Global
	GlobalSection(SolutionConfigurationPlatforms) = preSolution
		Debug|Any CPU = Debug|Any CPU
		Release|Any CPU = Release|Any CPU
	EndGlobalSection
	GlobalSection(ProjectConfigurationPlatforms) = postSolution
		{B731CE16-69B0-4167-A797-5C1AAE58861D}.Debug|Any CPU.ActiveCfg = Debug|Any CPU
		{B731CE16-69B0-4167-A797-5C1AAE58861D}.Debug|Any CPU.Build.0 = Debug|Any CPU
		{B731CE16-69B0-4167-A797-5C1AAE58861D}.Release|Any CPU.ActiveCfg = Release|Any CPU
		{B731CE16-69B0-4167-A797-5C1AAE58861D}.Release|Any CPU.Build.0 = Release|Any CPU
	EndGlobalSection
	GlobalSection(SolutionProperties) = preSolution
		HideSolutionNode = FALSE
	EndGlobalSection
EndGlobal
