
Microsoft Visual Studio Solution File, Format Version 12.00
# Visual Studio Version 17
VisualStudioVersion = 17.3.32901.215
MinimumVisualStudioVersion = 10.0.40219.1
Project("{FAE04EC0-301F-11D3-BF4B-00C04F79EFBC}") = "utso ora", "utso ora\utso ora.csproj", "{2FFEDD04-F603-429E-ADA6-97381214C516}"
EndProject
Global
	GlobalSection(SolutionConfigurationPlatforms) = preSolution
		Debug|Any CPU = Debug|Any CPU
		Release|Any CPU = Release|Any CPU
	EndGlobalSection
	GlobalSection(ProjectConfigurationPlatforms) = postSolution
		{2FFEDD04-F603-429E-ADA6-97381214C516}.Debug|Any CPU.ActiveCfg = Debug|Any CPU
		{2FFEDD04-F603-429E-ADA6-97381214C516}.Debug|Any CPU.Build.0 = Debug|Any CPU
		{2FFEDD04-F603-429E-ADA6-97381214C516}.Release|Any CPU.ActiveCfg = Release|Any CPU
		{2FFEDD04-F603-429E-ADA6-97381214C516}.Release|Any CPU.Build.0 = Release|Any CPU
	EndGlobalSection
	GlobalSection(SolutionProperties) = preSolution
		HideSolutionNode = FALSE
	EndGlobalSection
	GlobalSection(ExtensibilityGlobals) = postSolution
		SolutionGuid = {1A77A9C4-0BB0-4D2F-9ECF-6702BBFDFFED}
	EndGlobalSection
EndGlobal
